{
  "name": "hri-news-aggregator",
  "version": "2.0.0",
  "lockfileVersion": 3,
  "requires": true,
  "packages": {
    "": {
      "name": "hri-news-aggregator",
      "version": "2.0.0",
      "dependencies": {
        "rss-parser": "^3.13.0"
      },
      "engines": {
        "node": ">=24.0.0"
      }
    },
    "node_modules/entities": {
      "version": "2.2.0",
      "license": "BSD-2-Clause",
      "funding": {
        "url": "https://github.com/fb55/entities?sponsor=1"
      }
    },
    "node_modules/rss-parser": {
      "version": "3.13.0",
      "license": "MIT",
      "dependencies": {
        "entities": "^2.0.3",
        "xml2js": "^0.5.0"
      }
    },
    "node_modules/sax": {
      "version": "1.4.1",
      "license": "ISC"
    },
    "node_modules/xml2js": {
      "version": "0.5.0",
      "license": "MIT",
      "dependencies": {
        "sax": ">=0.6.0",
        "xmlbuilder": "~11.0.0"
      },
      "engines": {
        "node": ">=4.0.0"
      }
    },
    "node_modules/xmlbuilder": {
      "version": "11.0.1",
      "license": "MIT",
      "engines": {
        "node": ">=4.0"
      }
    }
  }
}
